{
    "_meta": {
        "hash": {
            "sha256": "f6d31c35d9cf57fed03c37b176cfba02453c800eb757fd82ac873eb53ac46900"
        },
        "pipfile-spec": 6,
        "requires": {
            "python_version": "3.10"
        },
        "sources": [
            {
                "name": "pypi",
                "url": "https://pypi.org/simple",
                "verify_ssl": true
            }
        ]
    },
    "default": {
        "bsdiff4": {
            "hashes": [
                "sha256:00e4623638920654f91e63919888776e81e5793ac0770ad60a7c8ead299d2689",
                "sha256:02763de17d39355d69a2b5f676c67f503da554c6aed10e54cdf369446b5d42b6",
                "sha256:042eb9fc9ff27ccb5e75a6088fc238daf4765e9f642dd0584cbb892260283dfc",
                "sha256:066ff6adce9f543e466addcd3552ac8dc479c04f66ab028b84194e2b2d520c43",
                "sha256:0dfada24264b73a87bb5011d1d555c22831e2b66555503a30a2bccea5f34df98",
                "sha256:104933ea1e37e1bb09600c4b54c5f0aecf2d3f27590e53400b7d2213f9cadb18",
                "sha256:10ac81a8f1fe82cb1f10daf13b66fd32f0d771f7fe60add9c981c7dd8dc12e88",
                "sha256:131c95e4ac2f0d570158ab0fa769c517a83450e3790124a4822f158948e6fdaa",
                "sha256:136f63960e52ab556ae9f644f5fc1fc8cce6ebece62ce3883fcbc92ac337984a",
                "sha256:1380ba419559ae958405710350f231b5f8326f16fda75b58f978ae53d06a5053",
                "sha256:142e6154a06be13e751e24756d4e484089ca08c818764280a95b9c7b68072ced",
                "sha256:17d6ef3c42455f71c6ad126feb1ab99557d5e22cd5b6bc11651d94d900e6ea50",
                "sha256:1b95ce93b9f306846f6c91c9d0e3eb6590a4c85ac2bbe72b5f60d9db82ad2a1c",
                "sha256:1bdd4b894f02c45ec39f341dd109bace2a7a4b708c9542c04cd2f660cd34bbfc",
                "sha256:1ed5ec10262f32940df89af841eef10e6bab8444268f84cf56715deac7d91128",
                "sha256:2685912b02c67ce3eec7cd6fa2c2f2c668a6fae5fc96befc84b2bf26cb254973",
                "sha256:298bb61dff32b574283044782b1ef5f6b80f931147e217f9dcb69d8e3a41ad7a",
                "sha256:2d32d0f2807f3092e13f513a81bfc16b598fef2517b6041123c8c1ffd4b2c7ef",
                "sha256:2d9c9b869ebd1280e7fd7677914de4c8b4563745acfb842403f95e08777fb58e",
                "sha256:30725570e6c2b6f536b5b64f8165447f7ab396a519d2fddb9561c440aaa1307d",
                "sha256:345f30d7e67497dba09cc26be6f3d13935b95faabf018c14c598a568c6d60928",
                "sha256:3943d68a0d2bdefa61690cb3e76962ce497e0c305bb8a1fdbf8953f4a31291fd",
                "sha256:3c08b9327364085861c294996af3a28be22b2268c4386d4e1531450e74f63cb2",
                "sha256:3de5403a52ef1619ebce563e4377924a7122957ebd69bae790b3a4f4dbba772d",
                "sha256:3ed00ce97a436275494d915b07fa2fc3e2c592c82fa495cd228b0a98ff9ecf63",
                "sha256:406408b443157dcd00af58e956acc60ae746958bb96070f931b8100c945c74b9",
                "sha256:433ddb793adfb99b961eda46bcbc2058648aa1221f846a489d1cb2da165c5414",
                "sha256:43c9b31226b18757bbca405241a9f8b752a825cef5b8d3fdfa16090ce21e50f3",
                "sha256:442e07205b15f64c0c220ca40601a5365dc270ed4bc4103248f912fbdc493dd7",
                "sha256:443363b1fc6fbfa786833956dedcd48299c01f93bc3b0f94c521aa9ef1c57fda",
                "sha256:486649d6dc558043581227133295764967f69c4b4d1468c461ad99b249e25086",
                "sha256:488baff51a207b3346a2901163230d166bff000d65bd88dd87dc98035a038238",
                "sha256:488db3ff795f5bf1ac0bf39694520352597151a29ae69d3ab42675cbefda0d9e",
                "sha256:50699c8ec7333e4dd423bd95ce95a1a5e41d57ee83c6a590be9a852813e07ea0",
                "sha256:50ba70ca767f7534792033ce865efc0844e7ae391025f9fc2c042b11db39e170",
                "sha256:526b3f4919446267f6302e5c487a877d82626d36bc98eb1bcbb182f104326c3d",
                "sha256:547ec06c5c940e610964ed513b35736e784c3a6d027ab889ad957c68d5a574f8",
                "sha256:59038ff9384336aa5f314a96cacec95ac034fb0497eafc2455e53979d30503f1",
                "sha256:5b72783f1273603c1fc554801b748cc4db53b99fd749957c0b6f81405a4ffdaa",
                "sha256:5c773562dcb99bf99ca4c3681695e3f3982e2c55c5bf76df35c65103c6d1bac0",
                "sha256:5d845d3a6da46f1ff20943248a30986d4420d6736b108cbe6003accee709ec58",
                "sha256:5d84c9eed8360fc8eccccf7efae51536baa0463327e5690b89a434e92249a2c2",
                "sha256:5dde49a9eff2947000efe31686ebaf90fc73451919457539c5587d3ac34d9809",
                "sha256:69ccc7851aff0c5fa47b35bb2536e0903d25713a17c45bb9aff7b46b5932bd82",
                "sha256:6d03c318738bdd55f7770cf160c9f7dbbc0f9174f78f6366d6af0f12658fd96c",
                "sha256:75b2d65e88955e2f8ac6efa9a6fec4e6cd1d0b084cc8896a8f0b321ed9b48fa5",
                "sha256:75f190d912d975c02be482a4e548bb6b4e428dd67454668ad29c36a2ce3af848",
                "sha256:787b589da4952baf8250042570fa3e034285f9af8826bc7d4c51cd473981c5e6",
                "sha256:7a90e9f1d928306c751d73572e71c898aa669029872ea2f75790c14dfa4afab0",
                "sha256:7ba5107f1bb0d6143b44db55b4e2bbfb6c95cb007670d699196c53aabd6e283e",
                "sha256:829bd128a5e2bc48b03c5f35397fb308c963549194270493237e8820da29e037",
                "sha256:82a4251000fbecf08f15361e2ecab5d4230f12774194598efd72fa0ff1035285",
                "sha256:84614bfb4fb583c32d0355f2035d54a4dd810b37655cefbc1dbdb1881836602c",
                "sha256:8bb0fda492ccab9c22080faf2f062e6bfdeded7105da9684afb395b04b4a3114",
                "sha256:9048866ce296a74e4b118b182f047a20aa3870375ecb248fcade676059ac3455",
                "sha256:9180d7e6a5eabf47431d66a162c50809db7316579ad11529bde801f08062e7e3",
                "sha256:92c73eae1199c42f71dc1da191c5ca8115e6073d07d33c7aefe87123b9257ba8",
                "sha256:97b853d1f3167490aef1b5f5958ae4812f634fa5888c12a2a731dc990237f88c",
                "sha256:9bbb177c744fb6678002f69e0f2a3a63ddc134225efad87ea5ff93008ab88150",
                "sha256:9c54de995b5772df2925d3930c81eb04ad017ea0dbf77e904885e2503369a11d",
                "sha256:9d358b9dd16e56827fcf0d33f00ede0ae4132bc264aa0ffe96ac8f2a1ddb05cb",
                "sha256:9d9136ac79fc79f491d6383312e292a4751025c31f1b43533bd0c2747083400c",
                "sha256:a1135b912d39104839cbf662d95b5528b878f2a0fe05de3e8c5719a9b45359c7",
                "sha256:a2c270e9b3208fb71dc9d245151ca5091718f18c2747464ebaa8c575d6a1e1ae",
                "sha256:a354db63e9b6b549b393dda0eb235a0c84d1eff22ff4cc41084ece05a14b375a",
                "sha256:a3da65d56376357d29ece8a9bb4fbb586e6bb891e3e75898d23094a55409c830",
                "sha256:a3dafeaa29a0687d70f482b86cb209ee3e0f88e41c5f263f063bec7a5a77e55d",
                "sha256:a4b82401b21c8afe1eb49c75020a6bc0df68dda4f417d6ee9438ed6a90984216",
                "sha256:a52d5ebe6bb758ef3814a45a0eed45b61adc62f7f659ef7ee268f67cb7fa8ca8",
                "sha256:a73eb9b981406f1b70500c7e25ec62d14915a594a0d37b9f66c85c4c86fe246f",
                "sha256:a7c679285c5532283343f0604c25ededafe8d87598f5fca07b27a591d3a0494a",
                "sha256:a96b0b04e40441677aa05165a317961e5d688b0b1d0bf790d52926d7b88f5b92",
                "sha256:a9e97d894220d8a58712c0955c2268d298395f1f273320f56610e04142002bca",
                "sha256:ab6059b307ad60f768061af73fed82dd0dafee5b5a31fa1c7696916b13f27343",
                "sha256:ad29c21cbe962dcf4b943d3c14f0154d764b1aedf686e7bdc6e7d62a8d7861ab",
                "sha256:b6e9613a3a0210a1db676f29c32504ea03b0a41121ee65174b3bdedef5209a8e",
                "sha256:b999a94963261ec1a8dbd34830bd74b6f8fe5d8267117484d495c9af2e409839",
                "sha256:bbd82c70707cbe269cac37f46a05897abb8b138164b57adc01d9f31b6e6e0812",
                "sha256:be4288e785cfb73a875ded1871480b4c1f3d23e453adc0c5575d241d0f114dcf",
                "sha256:c40dc15b6c832516125447629e0490f7bbd84e381753cbf496822b2d7cb0f4a9",
                "sha256:c6bd90965eea23cc47e8e155bbf42c85b462d3994807151d6eeb83fbcf813cb9",
                "sha256:ca5c16264eb8a84cd9397318edfcc684598301b3f9c203cc62c7759cfcb56e3f",
                "sha256:cba33febad014660cbbcff84b5959f48fcd1255b5a559dd0dfb9458a92a0f493",
                "sha256:cc415202fefecb667ca14d02e9a9d471b8dfa02b3ad34b7dfe8d3e7e57d3f7e3",
                "sha256:cff98c5831064b0aa7e6a08b2420df464051f6b3a9acab74d61c8c170943fd98",
                "sha256:d27ae0bf1e681931b641c094dedfa2cd74b392fb705061369546e0d8af557088",
                "sha256:d3b0d690cf0956205ca2c39435e4822b6b9bdcd4acae8b8dd15fa8668528527f",
                "sha256:d3f3f190e137805466cf5efa52e76c086376308d8c7757eb0a0479ed13d775dd",
                "sha256:d53faef4f9ae7c2f4ac6424568732acfbdde965e9b639409e7fd10844ee7d389",
                "sha256:da64118e07ede12b8e6dd69f10e029f79892b49e095902cc98b6d0e23a2b35c6",
                "sha256:e0c11b1c82e47eaf16098da8b186e321c03567ca5a44f44a21d83fd045f6c1ce",
                "sha256:e39d60dc99ec9cb1b85a8b4a6830953da1d7ea74ee6b954a0ca5693198a29b75",
                "sha256:e9d02801edc49244840140bd6326094e9ea20fe2b143a14d671427d31ff5b6d3",
                "sha256:ea0111ddb0bd57dc3d4eb55449a1977325e90ec7de5964d029a5f134357b33e7",
                "sha256:ec64621b5eea0287d7b261ed96c6f536d6c12287978ee1176512427789e20db9",
                "sha256:ec6799429568c4d1db9da686cf4242382f186759046fa2f18565b1ef3b269b24",
                "sha256:edb9259cb057529de2ef17b144c85f98b8aaffedee629c7b2333bd1dae1e8d06",
                "sha256:f2382422a62661945e7dee9077b921dc13621941627cf33b8d1213c6022a180f",
                "sha256:f7f4c48cb1c9a1665523f2e521d364aa1481678f24e50e78b53dc5f926075290",
                "sha256:f9b3f93a1c3cfb238c91960707137bdd301aa130a7c3f7bf4fefe54e7c3c2a43",
                "sha256:fa233ade06d907e58c57a85c9b7ec9412549fced5e40fd3207b3a4a23fefa9e4",
                "sha256:fb5c43ceff8de57086ce75d166ed085e4f43a015a20f2826a7651e7364273cca"
            ],
            "index": "pypi",
            "version": "==1.2.3"
        },
        "pykernelpatch": {
            "hashes": [
                "sha256:652ac12f1d63f3e501e0fee3e8ed827a8a25ed6a05ebee57fb57ccc729c4566d",
                "sha256:9936d40f737ed9248998ef922ead95e0dc68440f33ccfd96cc567ac4e9da1bbe"
            ],
            "index": "pypi",
            "markers": "python_version >= '3.7' and python_version < '4.0'",
            "version": "==1.0.4"
        }
    },
    "develop": {}
}
